
Microsoft Visual Studio Solution File, Format Version 12.00
# Visual Studio Version 16
VisualStudioVersion = 16.0.30907.101
MinimumVisualStudioVersion = 10.0.40219.1
Project("{8BC9CEB8-8B4A-11D0-8D11-00A0C91BC942}") = "Test", "Test\Test.vcxproj", "{A084813E-8330-4A82-B966-97C3E8CF62E8}"
EndProject
Project("{8BC9CEB8-8B4A-11D0-8D11-00A0C91BC942}") = "RearrangeLine", "RearrangeLine\RearrangeLine.vcxproj", "{0A85414D-9263-41E3-BB9B-61FCC0E43BBE}"
EndProject
Project("{8BC9CEB8-8B4A-11D0-8D11-00A0C91BC942}") = "Pointers", "Pointers\Pointers.vcxproj", "{79470140-5E64-4197-854D-13ECF22E7A92}"
EndProject
Project("{8BC9CEB8-8B4A-11D0-8D11-00A0C91BC942}") = "SortListOfIntegers", "SortListOfIntegers\SortListOfIntegers.vcxproj", "{9415EDF8-9BB2-4438-902D-26662B3816BC}"
EndProject
Project("{8BC9CEB8-8B4A-11D0-8D11-00A0C91BC942}") = "CommandLine", "CommondLine\CommondLine.vcxproj", "{DB5E6B38-C24A-42B3-A146-05580D18B5F6}"
EndProject
Global
	GlobalSection(SolutionConfigurationPlatforms) = preSolution
		Debug|x64 = Debug|x64
		Debug|x86 = Debug|x86
		Release|x64 = Release|x64
		Release|x86 = Release|x86
	EndGlobalSection
	GlobalSection(ProjectConfigurationPlatforms) = postSolution
		{A084813E-8330-4A82-B966-97C3E8CF62E8}.Debug|x64.ActiveCfg = Debug|x64
		{A084813E-8330-4A82-B966-97C3E8CF62E8}.Debug|x64.Build.0 = Debug|x64
		{A084813E-8330-4A82-B966-97C3E8CF62E8}.Debug|x86.ActiveCfg = Debug|Win32
		{A084813E-8330-4A82-B966-97C3E8CF62E8}.Debug|x86.Build.0 = Debug|Win32
		{A084813E-8330-4A82-B966-97C3E8CF62E8}.Release|x64.ActiveCfg = Release|x64
		{A084813E-8330-4A82-B966-97C3E8CF62E8}.Release|x64.Build.0 = Release|x64
		{A084813E-8330-4A82-B966-97C3E8CF62E8}.Release|x86.ActiveCfg = Release|Win32
		{A084813E-8330-4A82-B966-97C3E8CF62E8}.Release|x86.Build.0 = Release|Win32
		{0A85414D-9263-41E3-BB9B-61FCC0E43BBE}.Debug|x64.ActiveCfg = Debug|x64
		{0A85414D-9263-41E3-BB9B-61FCC0E43BBE}.Debug|x64.Build.0 = Debug|x64
		{0A85414D-9263-41E3-BB9B-61FCC0E43BBE}.Debug|x86.ActiveCfg = Debug|Win32
		{0A85414D-9263-41E3-BB9B-61FCC0E43BBE}.Debug|x86.Build.0 = Debug|Win32
		{0A85414D-9263-41E3-BB9B-61FCC0E43BBE}.Release|x64.ActiveCfg = Release|x64
		{0A85414D-9263-41E3-BB9B-61FCC0E43BBE}.Release|x64.Build.0 = Release|x64
		{0A85414D-9263-41E3-BB9B-61FCC0E43BBE}.Release|x86.ActiveCfg = Release|Win32
		{0A85414D-9263-41E3-BB9B-61FCC0E43BBE}.Release|x86.Build.0 = Release|Win32
		{79470140-5E64-4197-854D-13ECF22E7A92}.Debug|x64.ActiveCfg = Debug|x64
		{79470140-5E64-4197-854D-13ECF22E7A92}.Debug|x64.Build.0 = Debug|x64
		{79470140-5E64-4197-854D-13ECF22E7A92}.Debug|x86.ActiveCfg = Debug|Win32
		{79470140-5E64-4197-854D-13ECF22E7A92}.Debug|x86.Build.0 = Debug|Win32
		{79470140-5E64-4197-854D-13ECF22E7A92}.Release|x64.ActiveCfg = Release|x64
		{79470140-5E64-4197-854D-13ECF22E7A92}.Release|x64.Build.0 = Release|x64
		{79470140-5E64-4197-854D-13ECF22E7A92}.Release|x86.ActiveCfg = Release|Win32
		{79470140-5E64-4197-854D-13ECF22E7A92}.Release|x86.Build.0 = Release|Win32
		{9415EDF8-9BB2-4438-902D-26662B3816BC}.Debug|x64.ActiveCfg = Debug|x64
		{9415EDF8-9BB2-4438-902D-26662B3816BC}.Debug|x64.Build.0 = Debug|x64
		{9415EDF8-9BB2-4438-902D-26662B3816BC}.Debug|x86.ActiveCfg = Debug|Win32
		{9415EDF8-9BB2-4438-902D-26662B3816BC}.Debug|x86.Build.0 = Debug|Win32
		{9415EDF8-9BB2-4438-902D-26662B3816BC}.Release|x64.ActiveCfg = Release|x64
		{9415EDF8-9BB2-4438-902D-26662B3816BC}.Release|x64.Build.0 = Release|x64
		{9415EDF8-9BB2-4438-902D-26662B3816BC}.Release|x86.ActiveCfg = Release|Win32
		{9415EDF8-9BB2-4438-902D-26662B3816BC}.Release|x86.Build.0 = Release|Win32
		{DB5E6B38-C24A-42B3-A146-05580D18B5F6}.Debug|x64.ActiveCfg = Debug|x64
		{DB5E6B38-C24A-42B3-A146-05580D18B5F6}.Debug|x64.Build.0 = Debug|x64
		{DB5E6B38-C24A-42B3-A146-05580D18B5F6}.Debug|x86.ActiveCfg = Debug|Win32
		{DB5E6B38-C24A-42B3-A146-05580D18B5F6}.Debug|x86.Build.0 = Debug|Win32
		{DB5E6B38-C24A-42B3-A146-05580D18B5F6}.Release|x64.ActiveCfg = Release|x64
		{DB5E6B38-C24A-42B3-A146-05580D18B5F6}.Release|x64.Build.0 = Release|x64
		{DB5E6B38-C24A-42B3-A146-05580D18B5F6}.Release|x86.ActiveCfg = Release|Win32
		{DB5E6B38-C24A-42B3-A146-05580D18B5F6}.Release|x86.Build.0 = Release|Win32
	EndGlobalSection
	GlobalSection(SolutionProperties) = preSolution
		HideSolutionNode = FALSE
	EndGlobalSection
	GlobalSection(ExtensibilityGlobals) = postSolution
		SolutionGuid = {57C2D1EA-1D32-4308-9C34-F705CD8433AF}
	EndGlobalSection
EndGlobal
